
Microsoft Visual Studio Solution File, Format Version 12.00
# Visual Studio Version 16
VisualStudioVersion = 16.0.31424.327
MinimumVisualStudioVersion = 10.0.40219.1
Project("{FAE04EC0-301F-11D3-BF4B-00C04F79EFBC}") = "KI-Min-Solver", "KI-Min-Solver\KI-Min-Solver.csproj", "{2EEDA54E-AFC1-4B58-B259-91FF14D35769}"
EndProject
Global
	GlobalSection(SolutionConfigurationPlatforms) = preSolution
		Debug|Any CPU = Debug|Any CPU
		Release|Any CPU = Release|Any CPU
	EndGlobalSection
	GlobalSection(ProjectConfigurationPlatforms) = postSolution
		{2EEDA54E-AFC1-4B58-B259-91FF14D35769}.Debug|Any CPU.ActiveCfg = Debug|Any CPU
		{2EEDA54E-AFC1-4B58-B259-91FF14D35769}.Debug|Any CPU.Build.0 = Debug|Any CPU
		{2EEDA54E-AFC1-4B58-B259-91FF14D35769}.Release|Any CPU.ActiveCfg = Release|Any CPU
		{2EEDA54E-AFC1-4B58-B259-91FF14D35769}.Release|Any CPU.Build.0 = Release|Any CPU
	EndGlobalSection
	GlobalSection(SolutionProperties) = preSolution
		HideSolutionNode = FALSE
	EndGlobalSection
	GlobalSection(ExtensibilityGlobals) = postSolution
		SolutionGuid = {7F8C5E75-815D-48D9-A6C1-94248FAAABF6}
	EndGlobalSection
EndGlobal
